// !$*UTF8*$!
{
	archiveVersion = 1;
	classes = {
	};
	objectVersion = 46;
	objects = {

/* Begin PBXBuildFile section */
		3DD7819E1D92FDDD0017DBAA /* AppDelegate.swift in Sources */ = {isa = PBXBuildFile; fileRef = 3DD7819D1D92FDDD0017DBAA /* AppDelegate.swift */; };
		3DD781A01D92FDDD0017DBAA /* ViewController.swift in Sources */ = {isa = PBXBuildFile; fileRef = 3DD7819F1D92FDDD0017DBAA /* ViewController.swift */; };
		3DD781A31D92FDDD0017DBAA /* Main.storyboard in Resources */ = {isa = PBXBuildFile; fileRef = 3DD781A11D92FDDD0017DBAA /* Main.storyboard */; };
		3DD781A61D92FDDD0017DBAA /* DoCoreData.xcdatamodeld in Sources */ = {isa = PBXBuildFile; fileRef = 3DD781A41D92FDDD0017DBAA /* DoCoreData.xcdatamodeld */; };
		3DD781A81D92FDDD0017DBAA /* Assets.xcassets in Resources */ = {isa = PBXBuildFile; fileRef = 3DD781A71D92FDDD0017DBAA /* Assets.xcassets */; };
		3DD781AB1D92FDDD0017DBAA /* LaunchScreen.storyboard in Resources */ = {isa = PBXBuildFile; fileRef = 3DD781A91D92FDDD0017DBAA /* LaunchScreen.storyboard */; };
		3DD781B31D92FE7C0017DBAA /* AddTaskViewController.swift in Sources */ = {isa = PBXBuildFile; fileRef = 3DD781B21D92FE7C0017DBAA /* AddTaskViewController.swift */; };
/* End PBXBuildFile section */

/* Begin PBXFileReference section */
		3DD7819A1D92FDDD0017DBAA /* DoCoreData.app */ = {isa = PBXFileReference; explicitFileType = wrapper.application; includeInIndex = 0; path = DoCoreData.app; sourceTree = BUILT_PRODUCTS_DIR; };
		3DD7819D1D92FDDD0017DBAA /* AppDelegate.swift */ = {isa = PBXFileReference; lastKnownFileType = sourcecode.swift; path = AppDelegate.swift; sourceTree = "<group>"; };
		3DD7819F1D92FDDD0017DBAA /* ViewController.swift */ = {isa = PBXFileReference; lastKnownFileType = sourcecode.swift; path = ViewController.swift; sourceTree = "<group>"; };
		3DD781A21D92FDDD0017DBAA /* Base */ = {isa = PBXFileReference; lastKnownFileType = file.storyboard; name = Base; path = Base.lproj/Main.storyboard; sourceTree = "<group>"; };
		3DD781A51D92FDDD0017DBAA /* DoCoreData.xcdatamodel */ = {isa = PBXFileReference; lastKnownFileType = wrapper.xcdatamodel; path = DoCoreData.xcdatamodel; sourceTree = "<group>"; };
		3DD781A71D92FDDD0017DBAA /* Assets.xcassets */ = {isa = PBXFileReference; lastKnownFileType = folder.assetcatalog; path = Assets.xcassets; sourceTree = "<group>"; };
		3DD781AA1D92FDDD0017DBAA /* Base */ = {isa = PBXFileReference; lastKnownFileType = file.storyboard; name = Base; path = Base.lproj/LaunchScreen.storyboard; sourceTree = "<group>"; };
		3DD781AC1D92FDDD0017DBAA /* Info.plist */ = {isa = PBXFileReference; lastKnownFileType = text.plist.xml; path = Info.plist; sourceTree = "<group>"; };
		3DD781B21D92FE7C0017DBAA /* AddTaskViewController.swift */ = {isa = PBXFileReference; fileEncoding = 4; lastKnownFileType = sourcecode.swift; path = AddTaskViewController.swift; sourceTree = "<group>"; };
/* End PBXFileReference section */

/* Begin PBXFrameworksBuildPhase section */
		3DD781971D92FDDD0017DBAA /* Frameworks */ = {
			isa = PBXFrameworksBuildPhase;
			buildActionMask = 2147483647;
			files = (
			);
			runOnlyForDeploymentPostprocessing = 0;
		};
/* End PBXFrameworksBuildPhase section */

/* Begin PBXGroup section */
		3DD781911D92FDDD0017DBAA = {
			isa = PBXGroup;
			children = (
				3DD7819C1D92FDDD0017DBAA /* DoCoreData */,
				3DD7819B1D92FDDD0017DBAA /* Products */,
			);
			sourceTree = "<group>";
		};
		3DD7819B1D92FDDD0017DBAA /* Products */ = {
			isa = PBXGroup;
			children = (
				3DD7819A1D92FDDD0017DBAA /* DoCoreData.app */,
			);
			name = Products;
			sourceTree = "<group>";
		};
		3DD7819C1D92FDDD0017DBAA /* DoCoreData */ = {
			isa = PBXGroup;
			children = (
				3DD7819D1D92FDDD0017DBAA /* AppDelegate.swift */,
				3DD7819F1D92FDDD0017DBAA /* ViewController.swift */,
				3DD781A11D92FDDD0017DBAA /* Main.storyboard */,
				3DD781B21D92FE7C0017DBAA /* AddTaskViewController.swift */,
				3DD781A71D92FDDD0017DBAA /* Assets.xcassets */,
				3DD781A91D92FDDD0017DBAA /* LaunchScreen.storyboard */,
				3DD781AC1D92FDDD0017DBAA /* Info.plist */,
				3DD781A41D92FDDD0017DBAA /* DoCoreData.xcdatamodeld */,
			);
			path = DoCoreData;
			sourceTree = "<group>";
		};
/* End PBXGroup section */

/* Begin PBXNativeTarget section */
		3DD781991D92FDDD0017DBAA /* DoCoreData */ = {
			isa = PBXNativeTarget;
			buildConfigurationList = 3DD781AF1D92FDDD0017DBAA /* Build configuration list for PBXNativeTarget "DoCoreData" */;
			buildPhases = (
				3DD781961D92FDDD0017DBAA /* Sources */,
				3DD781971D92FDDD0017DBAA /* Frameworks */,
				3DD781981D92FDDD0017DBAA /* Resources */,
			);
			buildRules = (
			);
			dependencies = (
			);
			name = DoCoreData;
			productName = DoCoreData;
			productReference = 3DD7819A1D92FDDD0017DBAA /* DoCoreData.app */;
			productType = "com.apple.product-type.application";
		};
/* End PBXNativeTarget section */

/* Begin PBXProject section */
		3DD781921D92FDDD0017DBAA /* Project object */ = {
			isa = PBXProject;
			attributes = {
				LastSwiftUpdateCheck = 0800;
				LastUpgradeCheck = 0800;
				ORGANIZATIONNAME = studio;
				TargetAttributes = {
					3DD781991D92FDDD0017DBAA = {
						CreatedOnToolsVersion = 8.0;
						DevelopmentTeam = 2R9ME98ZZ3;
						ProvisioningStyle = Automatic;
					};
				};
			};
			buildConfigurationList = 3DD781951D92FDDD0017DBAA /* Build configuration list for PBXProject "DoCoreData" */;
			compatibilityVersion = "Xcode 3.2";
			developmentRegion = English;
			hasScannedForEncodings = 0;
			knownRegions = (
				en,
				Base,
			);
			mainGroup = 3DD781911D92FDDD0017DBAA;
			productRefGroup = 3DD7819B1D92FDDD0017DBAA /* Products */;
			projectDirPath = "";
			projectRoot = "";
			targets = (
				3DD781991D92FDDD0017DBAA /* DoCoreData */,
			);
		};
/* End PBXProject section */

/* Begin PBXResourcesBuildPhase section */
		3DD781981D92FDDD0017DBAA /* Resources */ = {
			isa = PBXResourcesBuildPhase;
			buildActionMask = 2147483647;
			files = (
				3DD781AB1D92FDDD0017DBAA /* LaunchScreen.storyboard in Resources */,
				3DD781A81D92FDDD0017DBAA /* Assets.xcassets in Resources */,
				3DD781A31D92FDDD0017DBAA /* Main.storyboard in Resources */,
			);
			runOnlyForDeploymentPostprocessing = 0;
		};
/* End PBXResourcesBuildPhase section */

/* Begin PBXSourcesBuildPhase section */
		3DD781961D92FDDD0017DBAA /* Sources */ = {
			isa = PBXSourcesBuildPhase;
			buildActionMask = 2147483647;
			files = (
				3DD781A01D92FDDD0017DBAA /* ViewController.swift in Sources */,
				3DD781B31D92FE7C0017DBAA /* AddTaskViewController.swift in Sources */,
				3DD781A61D92FDDD0017DBAA /* DoCoreData.xcdatamodeld in Sources */,
				3DD7819E1D92FDDD0017DBAA /* AppDelegate.swift in Sources */,
			);
			runOnlyForDeploymentPostprocessing = 0;
		};
/* End PBXSourcesBuildPhase section */

/* Begin PBXVariantGroup section */
		3DD781A11D92FDDD0017DBAA /* Main.storyboard */ = {
			isa = PBXVariantGroup;
			children = (
				3DD781A21D92FDDD0017DBAA /* Base */,
			);
			name = Main.storyboard;
			sourceTree = "<group>";
		};
		3DD781A91D92FDDD0017DBAA /* LaunchScreen.storyboard */ = {
			isa = PBXVariantGroup;
			children = (
				3DD781AA1D92FDDD0017DBAA /* Base */,
			);
			name = LaunchScreen.storyboard;
			sourceTree = "<group>";
		};
/* End PBXVariantGroup section */

/* Begin XCBuildConfiguration section */
		3DD781AD1D92FDDD0017DBAA /* Debug */ = {
			isa = XCBuildConfiguration;
			buildSettings = {
				ALWAYS_SEARCH_USER_PATHS = NO;
				CLANG_ANALYZER_NONNULL = YES;
				CLANG_CXX_LANGUAGE_STANDARD = "gnu++0x";
				CLANG_CXX_LIBRARY = "libc++";
				CLANG_ENABLE_MODULES = YES;
				CLANG_ENABLE_OBJC_ARC = YES;
				CLANG_WARN_BOOL_CONVERSION = YES;
				CLANG_WARN_CONSTANT_CONVERSION = YES;
				CLANG_WARN_DIRECT_OBJC_ISA_USAGE = YES_ERROR;
				CLANG_WARN_DOCUMENTATION_COMMENTS = YES;
				CLANG_WARN_EMPTY_BODY = YES;
				CLANG_WARN_ENUM_CONVERSION = YES;
				CLANG_WARN_INFINITE_RECURSION = YES;
				CLANG_WARN_INT_CONVERSION = YES;
				CLANG_WARN_OBJC_ROOT_CLASS = YES_ERROR;
				CLANG_WARN_SUSPICIOUS_MOVES = YES;
				CLANG_WARN_UNREACHABLE_CODE = YES;
				CLANG_WARN__DUPLICATE_METHOD_MATCH = YES;
				"CODE_SIGN_IDENTITY[sdk=iphoneos*]" = "iPhone Developer";
				COPY_PHASE_STRIP = NO;
				DEBUG_INFORMATION_FORMAT = dwarf;
				ENABLE_STRICT_OBJC_MSGSEND = YES;
				ENABLE_TESTABILITY = YES;
				GCC_C_LANGUAGE_STANDARD = gnu99;
				GCC_DYNAMIC_NO_PIC = NO;
				GCC_NO_COMMON_BLOCKS = YES;
				GCC_OPTIMIZATION_LEVEL = 0;
				GCC_PREPROCESSOR_DEFINITIONS = (
					"DEBUG=1",
					"$(inherited)",
				);
				GCC_WARN_64_TO_32_BIT_CONVERSION = YES;
				GCC_WARN_ABOUT_RETURN_TYPE = YES_ERROR;
				GCC_WARN_UNDECLARED_SELECTOR = YES;
				GCC_WARN_UNINITIALIZED_AUTOS = YES_AGGRESSIVE;
				GCC_WARN_UNUSED_FUNCTION = YES;
				GCC_WARN_UNUSED_VARIABLE = YES;
				IPHONEOS_DEPLOYMENT_TARGET = 10.0;
				MTL_ENABLE_DEBUG_INFO = YES;
				ONLY_ACTIVE_ARCH = YES;
				SDKROOT = iphoneos;
				SWIFT_ACTIVE_COMPILATION_CONDITIONS = DEBUG;
				SWIFT_OPTIMIZATION_LEVEL = "-Onone";
				TARGETED_DEVICE_FAMILY = "1,2";
			};
			name = Debug;
		};
		3DD781AE1D92FDDD0017DBAA /* Release */ = {
			isa = XCBuildConfiguration;
			buildSettings = {
				ALWAYS_SEARCH_USER_PATHS = NO;
				CLANG_ANALYZER_NONNULL = YES;
				CLANG_CXX_LANGUAGE_STANDARD = "gnu++0x";
				CLANG_CXX_LIBRARY = "libc++";
				CLANG_ENABLE_MODULES = YES;
				CLANG_ENABLE_OBJC_ARC = YES;
				CLANG_WARN_BOOL_CONVERSION = YES;
				CLANG_WARN_CONSTANT_CONVERSION = YES;
				CLANG_WARN_DIRECT_OBJC_ISA_USAGE = YES_ERROR;
				CLANG_WARN_DOCUMENTATION_COMMENTS = YES;
				CLANG_WARN_EMPTY_BODY = YES;
				CLANG_WARN_ENUM_CONVERSION = YES;
				CLANG_WARN_INFINITE_RECURSION = YES;
				CLANG_WARN_INT_CONVERSION = YES;
				CLANG_WARN_OBJC_ROOT_CLASS = YES_ERROR;
				CLANG_WARN_SUSPICIOUS_MOVES = YES;
				CLANG_WARN_UNREACHABLE_CODE = YES;
				CLANG_WARN__DUPLICATE_METHOD_MATCH = YES;
				"CODE_SIGN_IDENTITY[sdk=iphoneos*]" = "iPhone Developer";
				COPY_PHASE_STRIP = NO;
				DEBUG_INFORMATION_FORMAT = "dwarf-with-dsym";
				ENABLE_NS_ASSERTIONS = NO;
				ENABLE_STRICT_OBJC_MSGSEND = YES;
				GCC_C_LANGUAGE_STANDARD = gnu99;
				GCC_NO_COMMON_BLOCKS = YES;
				GCC_WARN_64_TO_32_BIT_CONVERSION = YES;
				GCC_WARN_ABOUT_RETURN_TYPE = YES_ERROR;
				GCC_WARN_UNDECLARED_SELECTOR = YES;
				GCC_WARN_UNINITIALIZED_AUTOS = YES_AGGRESSIVE;
				GCC_WARN_UNUSED_FUNCTION = YES;
				GCC_WARN_UNUSED_VARIABLE = YES;
				IPHONEOS_DEPLOYMENT_TARGET = 10.0;
				MTL_ENABLE_DEBUG_INFO = NO;
				SDKROOT = iphoneos;
				SWIFT_OPTIMIZATION_LEVEL = "-Owholemodule";
				TARGETED_DEVICE_FAMILY = "1,2";
				VALIDATE_PRODUCT = YES;
			};
			name = Release;
		};
		3DD781B01D92FDDD0017DBAA /* Debug */ = {
			isa = XCBuildConfiguration;
			buildSettings = {
				ASSETCATALOG_COMPILER_APPICON_NAME = AppIcon;
				DEVELOPMENT_TEAM = 2R9ME98ZZ3;
				INFOPLIST_FILE = DoCoreData/Info.plist;
				LD_RUNPATH_SEARCH_PATHS = "$(inherited) @executable_path/Frameworks";
				PRODUCT_BUNDLE_IDENTIFIER = com.igneus.DoCoreData;
				PRODUCT_NAME = "$(TARGET_NAME)";
				SWIFT_VERSION = 3.0;
			};
			name = Debug;
		};
		3DD781B11D92FDDD0017DBAA /* Release */ = {
			isa = XCBuildConfiguration;
			buildSettings = {
				ASSETCATALOG_COMPILER_APPICON_NAME = AppIcon;
				DEVELOPMENT_TEAM = 2R9ME98ZZ3;
				INFOPLIST_FILE = DoCoreData/Info.plist;
				LD_RUNPATH_SEARCH_PATHS = "$(inherited) @executable_path/Frameworks";
				PRODUCT_BUNDLE_IDENTIFIER = com.igneus.DoCoreData;
				PRODUCT_NAME = "$(TARGET_NAME)";
				SWIFT_VERSION = 3.0;
			};
			name = Release;
		};
/* End XCBuildConfiguration section */

/* Begin XCConfigurationList section */
		3DD781951D92FDDD0017DBAA /* Build configuration list for PBXProject "DoCoreData" */ = {
			isa = XCConfigurationList;
			buildConfigurations = (
				3DD781AD1D92FDDD0017DBAA /* Debug */,
				3DD781AE1D92FDDD0017DBAA /* Release */,
			);
			defaultConfigurationIsVisible = 0;
			defaultConfigurationName = Release;
		};
		3DD781AF1D92FDDD0017DBAA /* Build configuration list for PBXNativeTarget "DoCoreData" */ = {
			isa = XCConfigurationList;
			buildConfigurations = (
				3DD781B01D92FDDD0017DBAA /* Debug */,
				3DD781B11D92FDDD0017DBAA /* Release */,
			);
			defaultConfigurationIsVisible = 0;
		};
/* End XCConfigurationList section */

/* Begin XCVersionGroup section */
		3DD781A41D92FDDD0017DBAA /* DoCoreData.xcdatamodeld */ = {
			isa = XCVersionGroup;
			children = (
				3DD781A51D92FDDD0017DBAA /* DoCoreData.xcdatamodel */,
			);
			currentVersion = 3DD781A51D92FDDD0017DBAA /* DoCoreData.xcdatamodel */;
			path = DoCoreData.xcdatamodeld;
			sourceTree = "<group>";
			versionGroupType = wrapper.xcdatamodel;
		};
/* End XCVersionGroup section */
	};
	rootObject = 3DD781921D92FDDD0017DBAA /* Project object */;
}
